
Microsoft Visual Studio Solution File, Format Version 12.00
# Visual Studio Version 17
VisualStudioVersion = 17.2.32616.157
MinimumVisualStudioVersion = 10.0.40219.1
Project("{FAE04EC0-301F-11D3-BF4B-00C04F79EFBC}") = "tadoba-api", "tadoba-api\tadoba-api.csproj", "{39A75467-B200-4744-8DD0-5F9FE257C0EB}"
EndProject
Global
	GlobalSection(SolutionConfigurationPlatforms) = preSolution
		Debug|Any CPU = Debug|Any CPU
		Release|Any CPU = Release|Any CPU
	EndGlobalSection
	GlobalSection(ProjectConfigurationPlatforms) = postSolution
		{39A75467-B200-4744-8DD0-5F9FE257C0EB}.Debug|Any CPU.ActiveCfg = Debug|Any CPU
		{39A75467-B200-4744-8DD0-5F9FE257C0EB}.Debug|Any CPU.Build.0 = Debug|Any CPU
		{39A75467-B200-4744-8DD0-5F9FE257C0EB}.Release|Any CPU.ActiveCfg = Release|Any CPU
		{39A75467-B200-4744-8DD0-5F9FE257C0EB}.Release|Any CPU.Build.0 = Release|Any CPU
	EndGlobalSection
	GlobalSection(SolutionProperties) = preSolution
		HideSolutionNode = FALSE
	EndGlobalSection
	GlobalSection(ExtensibilityGlobals) = postSolution
		SolutionGuid = {A8FD3EA2-41AA-4448-A48E-DA82626E9145}
	EndGlobalSection
EndGlobal
